// !$*UTF8*$!
{
	archiveVersion = 1;
	classes = {
	};
	objectVersion = 50;
	objects = {

/* Begin PBXBuildFile section */
		8480BDE125458E7300F1D31D /* NikeConceptApp.swift in Sources */ = {isa = PBXBuildFile; fileRef = 8480BDE025458E7300F1D31D /* NikeConceptApp.swift */; };
		8480BDE325458E7300F1D31D /* ContentView.swift in Sources */ = {isa = PBXBuildFile; fileRef = 8480BDE225458E7300F1D31D /* ContentView.swift */; };
		8480BDE525458E7600F1D31D /* Assets.xcassets in Resources */ = {isa = PBXBuildFile; fileRef = 8480BDE425458E7600F1D31D /* Assets.xcassets */; };
		8480BDE825458E7600F1D31D /* Preview Assets.xcassets in Resources */ = {isa = PBXBuildFile; fileRef = 8480BDE725458E7600F1D31D /* Preview Assets.xcassets */; };
		849D44152555836000B96D1F /* HomeView.swift in Sources */ = {isa = PBXBuildFile; fileRef = 849D44142555836000B96D1F /* HomeView.swift */; };
		849D44182555838200B96D1F /* SizeSelectionCardView.swift in Sources */ = {isa = PBXBuildFile; fileRef = 849D44172555838200B96D1F /* SizeSelectionCardView.swift */; };
		849D441B255583A800B96D1F /* MenusView.swift in Sources */ = {isa = PBXBuildFile; fileRef = 849D441A255583A800B96D1F /* MenusView.swift */; };
		849D441E255583C400B96D1F /* FavoritesView.swift in Sources */ = {isa = PBXBuildFile; fileRef = 849D441D255583C400B96D1F /* FavoritesView.swift */; };
		849D4421255583F100B96D1F /* Data.swift in Sources */ = {isa = PBXBuildFile; fileRef = 849D4420255583F100B96D1F /* Data.swift */; };
		849D44242555843600B96D1F /* ShoesDeckView.swift in Sources */ = {isa = PBXBuildFile; fileRef = 849D44232555843600B96D1F /* ShoesDeckView.swift */; };
		849D44272555847900B96D1F /* CloseCardButtonView.swift in Sources */ = {isa = PBXBuildFile; fileRef = 849D44262555847900B96D1F /* CloseCardButtonView.swift */; };
		849D442A2555849700B96D1F /* SizeInfoView.swift in Sources */ = {isa = PBXBuildFile; fileRef = 849D44292555849700B96D1F /* SizeInfoView.swift */; };
		849D442E255584CC00B96D1F /* MenuItem.swift in Sources */ = {isa = PBXBuildFile; fileRef = 849D442D255584CC00B96D1F /* MenuItem.swift */; };
		849D4432255584E900B96D1F /* ShoeItem.swift in Sources */ = {isa = PBXBuildFile; fileRef = 849D4431255584E900B96D1F /* ShoeItem.swift */; };
		849D44362555854800B96D1F /* MenuSelector.swift in Sources */ = {isa = PBXBuildFile; fileRef = 849D44352555854800B96D1F /* MenuSelector.swift */; };
		849D443A2555855A00B96D1F /* ShoeChooser.swift in Sources */ = {isa = PBXBuildFile; fileRef = 849D44392555855A00B96D1F /* ShoeChooser.swift */; };
/* End PBXBuildFile section */

/* Begin PBXFileReference section */
		8480BDDD25458E7300F1D31D /* NikeConcept.app */ = {isa = PBXFileReference; explicitFileType = wrapper.application; includeInIndex = 0; path = NikeConcept.app; sourceTree = BUILT_PRODUCTS_DIR; };
		8480BDE025458E7300F1D31D /* NikeConceptApp.swift */ = {isa = PBXFileReference; lastKnownFileType = sourcecode.swift; path = NikeConceptApp.swift; sourceTree = "<group>"; };
		8480BDE225458E7300F1D31D /* ContentView.swift */ = {isa = PBXFileReference; lastKnownFileType = sourcecode.swift; path = ContentView.swift; sourceTree = "<group>"; };
		8480BDE425458E7600F1D31D /* Assets.xcassets */ = {isa = PBXFileReference; lastKnownFileType = folder.assetcatalog; path = Assets.xcassets; sourceTree = "<group>"; };
		8480BDE725458E7600F1D31D /* Preview Assets.xcassets */ = {isa = PBXFileReference; lastKnownFileType = folder.assetcatalog; path = "Preview Assets.xcassets"; sourceTree = "<group>"; };
		8480BDE925458E7600F1D31D /* Info.plist */ = {isa = PBXFileReference; lastKnownFileType = text.plist.xml; path = Info.plist; sourceTree = "<group>"; };
		849D44142555836000B96D1F /* HomeView.swift */ = {isa = PBXFileReference; lastKnownFileType = sourcecode.swift; path = HomeView.swift; sourceTree = "<group>"; };
		849D44172555838200B96D1F /* SizeSelectionCardView.swift */ = {isa = PBXFileReference; lastKnownFileType = sourcecode.swift; path = SizeSelectionCardView.swift; sourceTree = "<group>"; };
		849D441A255583A800B96D1F /* MenusView.swift */ = {isa = PBXFileReference; lastKnownFileType = sourcecode.swift; path = MenusView.swift; sourceTree = "<group>"; };
		849D441D255583C400B96D1F /* FavoritesView.swift */ = {isa = PBXFileReference; lastKnownFileType = sourcecode.swift; path = FavoritesView.swift; sourceTree = "<group>"; };
		849D4420255583F100B96D1F /* Data.swift */ = {isa = PBXFileReference; lastKnownFileType = sourcecode.swift; path = Data.swift; sourceTree = "<group>"; };
		849D44232555843600B96D1F /* ShoesDeckView.swift */ = {isa = PBXFileReference; lastKnownFileType = sourcecode.swift; path = ShoesDeckView.swift; sourceTree = "<group>"; };
		849D44262555847900B96D1F /* CloseCardButtonView.swift */ = {isa = PBXFileReference; lastKnownFileType = sourcecode.swift; path = CloseCardButtonView.swift; sourceTree = "<group>"; };
		849D44292555849700B96D1F /* SizeInfoView.swift */ = {isa = PBXFileReference; lastKnownFileType = sourcecode.swift; path = SizeInfoView.swift; sourceTree = "<group>"; };
		849D442D255584CC00B96D1F /* MenuItem.swift */ = {isa = PBXFileReference; lastKnownFileType = sourcecode.swift; path = MenuItem.swift; sourceTree = "<group>"; };
		849D4431255584E900B96D1F /* ShoeItem.swift */ = {isa = PBXFileReference; lastKnownFileType = sourcecode.swift; path = ShoeItem.swift; sourceTree = "<group>"; };
		849D44352555854800B96D1F /* MenuSelector.swift */ = {isa = PBXFileReference; lastKnownFileType = sourcecode.swift; path = MenuSelector.swift; sourceTree = "<group>"; };
		849D44392555855A00B96D1F /* ShoeChooser.swift */ = {isa = PBXFileReference; lastKnownFileType = sourcecode.swift; path = ShoeChooser.swift; sourceTree = "<group>"; };
/* End PBXFileReference section */

/* Begin PBXFrameworksBuildPhase section */
		8480BDDA25458E7300F1D31D /* Frameworks */ = {
			isa = PBXFrameworksBuildPhase;
			buildActionMask = 2147483647;
			files = (
			);
			runOnlyForDeploymentPostprocessing = 0;
		};
/* End PBXFrameworksBuildPhase section */

/* Begin PBXGroup section */
		8480BDD425458E7300F1D31D = {
			isa = PBXGroup;
			children = (
				8480BDDF25458E7300F1D31D /* NikeConcept */,
				8480BDDE25458E7300F1D31D /* Products */,
			);
			sourceTree = "<group>";
		};
		8480BDDE25458E7300F1D31D /* Products */ = {
			isa = PBXGroup;
			children = (
				8480BDDD25458E7300F1D31D /* NikeConcept.app */,
			);
			name = Products;
			sourceTree = "<group>";
		};
		8480BDDF25458E7300F1D31D /* NikeConcept */ = {
			isa = PBXGroup;
			children = (
				8480BDE025458E7300F1D31D /* NikeConceptApp.swift */,
				849D443C2555858400B96D1F /* ViewModels */,
				849D44342555852100B96D1F /* Models */,
				849D442C255584BA00B96D1F /* Views */,
				8480BDE425458E7600F1D31D /* Assets.xcassets */,
				8480BDE925458E7600F1D31D /* Info.plist */,
				8480BDE625458E7600F1D31D /* Preview Content */,
				849D4420255583F100B96D1F /* Data.swift */,
			);
			path = NikeConcept;
			sourceTree = "<group>";
		};
		8480BDE625458E7600F1D31D /* Preview Content */ = {
			isa = PBXGroup;
			children = (
				8480BDE725458E7600F1D31D /* Preview Assets.xcassets */,
			);
			path = "Preview Content";
			sourceTree = "<group>";
		};
		849D442C255584BA00B96D1F /* Views */ = {
			isa = PBXGroup;
			children = (
				8480BDE225458E7300F1D31D /* ContentView.swift */,
				849D44262555847900B96D1F /* CloseCardButtonView.swift */,
				849D44232555843600B96D1F /* ShoesDeckView.swift */,
				849D441D255583C400B96D1F /* FavoritesView.swift */,
				849D441A255583A800B96D1F /* MenusView.swift */,
				849D44172555838200B96D1F /* SizeSelectionCardView.swift */,
				849D44292555849700B96D1F /* SizeInfoView.swift */,
				849D44142555836000B96D1F /* HomeView.swift */,
			);
			path = Views;
			sourceTree = "<group>";
		};
		849D44342555852100B96D1F /* Models */ = {
			isa = PBXGroup;
			children = (
				849D4431255584E900B96D1F /* ShoeItem.swift */,
				849D442D255584CC00B96D1F /* MenuItem.swift */,
			);
			path = Models;
			sourceTree = "<group>";
		};
		849D443C2555858400B96D1F /* ViewModels */ = {
			isa = PBXGroup;
			children = (
				849D44392555855A00B96D1F /* ShoeChooser.swift */,
				849D44352555854800B96D1F /* MenuSelector.swift */,
			);
			path = ViewModels;
			sourceTree = "<group>";
		};
/* End PBXGroup section */

/* Begin PBXNativeTarget section */
		8480BDDC25458E7300F1D31D /* NikeConcept */ = {
			isa = PBXNativeTarget;
			buildConfigurationList = 8480BDEC25458E7600F1D31D /* Build configuration list for PBXNativeTarget "NikeConcept" */;
			buildPhases = (
				8480BDD925458E7300F1D31D /* Sources */,
				8480BDDA25458E7300F1D31D /* Frameworks */,
				8480BDDB25458E7300F1D31D /* Resources */,
			);
			buildRules = (
			);
			dependencies = (
			);
			name = NikeConcept;
			productName = NikeConcept;
			productReference = 8480BDDD25458E7300F1D31D /* NikeConcept.app */;
			productType = "com.apple.product-type.application";
		};
/* End PBXNativeTarget section */

/* Begin PBXProject section */
		8480BDD525458E7300F1D31D /* Project object */ = {
			isa = PBXProject;
			attributes = {
				LastSwiftUpdateCheck = 1200;
				LastUpgradeCheck = 1200;
				TargetAttributes = {
					8480BDDC25458E7300F1D31D = {
						CreatedOnToolsVersion = 12.0.1;
					};
				};
			};
			buildConfigurationList = 8480BDD825458E7300F1D31D /* Build configuration list for PBXProject "NikeConcept" */;
			compatibilityVersion = "Xcode 9.3";
			developmentRegion = en;
			hasScannedForEncodings = 0;
			knownRegions = (
				en,
				Base,
			);
			mainGroup = 8480BDD425458E7300F1D31D;
			productRefGroup = 8480BDDE25458E7300F1D31D /* Products */;
			projectDirPath = "";
			projectRoot = "";
			targets = (
				8480BDDC25458E7300F1D31D /* NikeConcept */,
			);
		};
/* End PBXProject section */

/* Begin PBXResourcesBuildPhase section */
		8480BDDB25458E7300F1D31D /* Resources */ = {
			isa = PBXResourcesBuildPhase;
			buildActionMask = 2147483647;
			files = (
				8480BDE825458E7600F1D31D /* Preview Assets.xcassets in Resources */,
				8480BDE525458E7600F1D31D /* Assets.xcassets in Resources */,
			);
			runOnlyForDeploymentPostprocessing = 0;
		};
/* End PBXResourcesBuildPhase section */

/* Begin PBXSourcesBuildPhase section */
		8480BDD925458E7300F1D31D /* Sources */ = {
			isa = PBXSourcesBuildPhase;
			buildActionMask = 2147483647;
			files = (
				849D443A2555855A00B96D1F /* ShoeChooser.swift in Sources */,
				849D4421255583F100B96D1F /* Data.swift in Sources */,
				849D442A2555849700B96D1F /* SizeInfoView.swift in Sources */,
				849D44182555838200B96D1F /* SizeSelectionCardView.swift in Sources */,
				849D44362555854800B96D1F /* MenuSelector.swift in Sources */,
				849D44242555843600B96D1F /* ShoesDeckView.swift in Sources */,
				849D44152555836000B96D1F /* HomeView.swift in Sources */,
				849D44272555847900B96D1F /* CloseCardButtonView.swift in Sources */,
				849D441E255583C400B96D1F /* FavoritesView.swift in Sources */,
				849D4432255584E900B96D1F /* ShoeItem.swift in Sources */,
				8480BDE325458E7300F1D31D /* ContentView.swift in Sources */,
				849D442E255584CC00B96D1F /* MenuItem.swift in Sources */,
				8480BDE125458E7300F1D31D /* NikeConceptApp.swift in Sources */,
				849D441B255583A800B96D1F /* MenusView.swift in Sources */,
			);
			runOnlyForDeploymentPostprocessing = 0;
		};
/* End PBXSourcesBuildPhase section */

/* Begin XCBuildConfiguration section */
		8480BDEA25458E7600F1D31D /* Debug */ = {
			isa = XCBuildConfiguration;
			buildSettings = {
				ALWAYS_SEARCH_USER_PATHS = NO;
				CLANG_ANALYZER_NONNULL = YES;
				CLANG_ANALYZER_NUMBER_OBJECT_CONVERSION = YES_AGGRESSIVE;
				CLANG_CXX_LANGUAGE_STANDARD = "gnu++14";
				CLANG_CXX_LIBRARY = "libc++";
				CLANG_ENABLE_MODULES = YES;
				CLANG_ENABLE_OBJC_ARC = YES;
				CLANG_ENABLE_OBJC_WEAK = YES;
				CLANG_WARN_BLOCK_CAPTURE_AUTORELEASING = YES;
				CLANG_WARN_BOOL_CONVERSION = YES;
				CLANG_WARN_COMMA = YES;
				CLANG_WARN_CONSTANT_CONVERSION = YES;
				CLANG_WARN_DEPRECATED_OBJC_IMPLEMENTATIONS = YES;
				CLANG_WARN_DIRECT_OBJC_ISA_USAGE = YES_ERROR;
				CLANG_WARN_DOCUMENTATION_COMMENTS = YES;
				CLANG_WARN_EMPTY_BODY = YES;
				CLANG_WARN_ENUM_CONVERSION = YES;
				CLANG_WARN_INFINITE_RECURSION = YES;
				CLANG_WARN_INT_CONVERSION = YES;
				CLANG_WARN_NON_LITERAL_NULL_CONVERSION = YES;
				CLANG_WARN_OBJC_IMPLICIT_RETAIN_SELF = YES;
				CLANG_WARN_OBJC_LITERAL_CONVERSION = YES;
				CLANG_WARN_OBJC_ROOT_CLASS = YES_ERROR;
				CLANG_WARN_QUOTED_INCLUDE_IN_FRAMEWORK_HEADER = YES;
				CLANG_WARN_RANGE_LOOP_ANALYSIS = YES;
				CLANG_WARN_STRICT_PROTOTYPES = YES;
				CLANG_WARN_SUSPICIOUS_MOVE = YES;
				CLANG_WARN_UNGUARDED_AVAILABILITY = YES_AGGRESSIVE;
				CLANG_WARN_UNREACHABLE_CODE = YES;
				CLANG_WARN__DUPLICATE_METHOD_MATCH = YES;
				COPY_PHASE_STRIP = NO;
				DEBUG_INFORMATION_FORMAT = dwarf;
				ENABLE_STRICT_OBJC_MSGSEND = YES;
				ENABLE_TESTABILITY = YES;
				GCC_C_LANGUAGE_STANDARD = gnu11;
				GCC_DYNAMIC_NO_PIC = NO;
				GCC_NO_COMMON_BLOCKS = YES;
				GCC_OPTIMIZATION_LEVEL = 0;
				GCC_PREPROCESSOR_DEFINITIONS = (
					"DEBUG=1",
					"$(inherited)",
				);
				GCC_WARN_64_TO_32_BIT_CONVERSION = YES;
				GCC_WARN_ABOUT_RETURN_TYPE = YES_ERROR;
				GCC_WARN_UNDECLARED_SELECTOR = YES;
				GCC_WARN_UNINITIALIZED_AUTOS = YES_AGGRESSIVE;
				GCC_WARN_UNUSED_FUNCTION = YES;
				GCC_WARN_UNUSED_VARIABLE = YES;
				IPHONEOS_DEPLOYMENT_TARGET = 14.0;
				MTL_ENABLE_DEBUG_INFO = INCLUDE_SOURCE;
				MTL_FAST_MATH = YES;
				ONLY_ACTIVE_ARCH = YES;
				SDKROOT = iphoneos;
				SWIFT_ACTIVE_COMPILATION_CONDITIONS = DEBUG;
				SWIFT_OPTIMIZATION_LEVEL = "-Onone";
			};
			name = Debug;
		};
		8480BDEB25458E7600F1D31D /* Release */ = {
			isa = XCBuildConfiguration;
			buildSettings = {
				ALWAYS_SEARCH_USER_PATHS = NO;
				CLANG_ANALYZER_NONNULL = YES;
				CLANG_ANALYZER_NUMBER_OBJECT_CONVERSION = YES_AGGRESSIVE;
				CLANG_CXX_LANGUAGE_STANDARD = "gnu++14";
				CLANG_CXX_LIBRARY = "libc++";
				CLANG_ENABLE_MODULES = YES;
				CLANG_ENABLE_OBJC_ARC = YES;
				CLANG_ENABLE_OBJC_WEAK = YES;
				CLANG_WARN_BLOCK_CAPTURE_AUTORELEASING = YES;
				CLANG_WARN_BOOL_CONVERSION = YES;
				CLANG_WARN_COMMA = YES;
				CLANG_WARN_CONSTANT_CONVERSION = YES;
				CLANG_WARN_DEPRECATED_OBJC_IMPLEMENTATIONS = YES;
				CLANG_WARN_DIRECT_OBJC_ISA_USAGE = YES_ERROR;
				CLANG_WARN_DOCUMENTATION_COMMENTS = YES;
				CLANG_WARN_EMPTY_BODY = YES;
				CLANG_WARN_ENUM_CONVERSION = YES;
				CLANG_WARN_INFINITE_RECURSION = YES;
				CLANG_WARN_INT_CONVERSION = YES;
				CLANG_WARN_NON_LITERAL_NULL_CONVERSION = YES;
				CLANG_WARN_OBJC_IMPLICIT_RETAIN_SELF = YES;
				CLANG_WARN_OBJC_LITERAL_CONVERSION = YES;
				CLANG_WARN_OBJC_ROOT_CLASS = YES_ERROR;
				CLANG_WARN_QUOTED_INCLUDE_IN_FRAMEWORK_HEADER = YES;
				CLANG_WARN_RANGE_LOOP_ANALYSIS = YES;
				CLANG_WARN_STRICT_PROTOTYPES = YES;
				CLANG_WARN_SUSPICIOUS_MOVE = YES;
				CLANG_WARN_UNGUARDED_AVAILABILITY = YES_AGGRESSIVE;
				CLANG_WARN_UNREACHABLE_CODE = YES;
				CLANG_WARN__DUPLICATE_METHOD_MATCH = YES;
				COPY_PHASE_STRIP = NO;
				DEBUG_INFORMATION_FORMAT = "dwarf-with-dsym";
				ENABLE_NS_ASSERTIONS = NO;
				ENABLE_STRICT_OBJC_MSGSEND = YES;
				GCC_C_LANGUAGE_STANDARD = gnu11;
				GCC_NO_COMMON_BLOCKS = YES;
				GCC_WARN_64_TO_32_BIT_CONVERSION = YES;
				GCC_WARN_ABOUT_RETURN_TYPE = YES_ERROR;
				GCC_WARN_UNDECLARED_SELECTOR = YES;
				GCC_WARN_UNINITIALIZED_AUTOS = YES_AGGRESSIVE;
				GCC_WARN_UNUSED_FUNCTION = YES;
				GCC_WARN_UNUSED_VARIABLE = YES;
				IPHONEOS_DEPLOYMENT_TARGET = 14.0;
				MTL_ENABLE_DEBUG_INFO = NO;
				MTL_FAST_MATH = YES;
				SDKROOT = iphoneos;
				SWIFT_COMPILATION_MODE = wholemodule;
				SWIFT_OPTIMIZATION_LEVEL = "-O";
				VALIDATE_PRODUCT = YES;
			};
			name = Release;
		};
		8480BDED25458E7600F1D31D /* Debug */ = {
			isa = XCBuildConfiguration;
			buildSettings = {
				ASSETCATALOG_COMPILER_APPICON_NAME = AppIcon;
				ASSETCATALOG_COMPILER_GLOBAL_ACCENT_COLOR_NAME = AccentColor;
				CODE_SIGN_STYLE = Automatic;
				DEVELOPMENT_ASSET_PATHS = "\"NikeConcept/Preview Content\"";
				DEVELOPMENT_TEAM = 3EYUW49QFV;
				ENABLE_PREVIEWS = YES;
				INFOPLIST_FILE = NikeConcept/Info.plist;
				IPHONEOS_DEPLOYMENT_TARGET = 14.0;
				LD_RUNPATH_SEARCH_PATHS = (
					"$(inherited)",
					"@executable_path/Frameworks",
				);
				PRODUCT_BUNDLE_IDENTIFIER = com.a7studio.NikeConcept;
				PRODUCT_NAME = "$(TARGET_NAME)";
				SWIFT_VERSION = 5.0;
				TARGETED_DEVICE_FAMILY = "1,2";
			};
			name = Debug;
		};
		8480BDEE25458E7600F1D31D /* Release */ = {
			isa = XCBuildConfiguration;
			buildSettings = {
				ASSETCATALOG_COMPILER_APPICON_NAME = AppIcon;
				ASSETCATALOG_COMPILER_GLOBAL_ACCENT_COLOR_NAME = AccentColor;
				CODE_SIGN_STYLE = Automatic;
				DEVELOPMENT_ASSET_PATHS = "\"NikeConcept/Preview Content\"";
				DEVELOPMENT_TEAM = 3EYUW49QFV;
				ENABLE_PREVIEWS = YES;
				INFOPLIST_FILE = NikeConcept/Info.plist;
				IPHONEOS_DEPLOYMENT_TARGET = 14.0;
				LD_RUNPATH_SEARCH_PATHS = (
					"$(inherited)",
					"@executable_path/Frameworks",
				);
				PRODUCT_BUNDLE_IDENTIFIER = com.a7studio.NikeConcept;
				PRODUCT_NAME = "$(TARGET_NAME)";
				SWIFT_VERSION = 5.0;
				TARGETED_DEVICE_FAMILY = "1,2";
			};
			name = Release;
		};
/* End XCBuildConfiguration section */

/* Begin XCConfigurationList section */
		8480BDD825458E7300F1D31D /* Build configuration list for PBXProject "NikeConcept" */ = {
			isa = XCConfigurationList;
			buildConfigurations = (
				8480BDEA25458E7600F1D31D /* Debug */,
				8480BDEB25458E7600F1D31D /* Release */,
			);
			defaultConfigurationIsVisible = 0;
			defaultConfigurationName = Release;
		};
		8480BDEC25458E7600F1D31D /* Build configuration list for PBXNativeTarget "NikeConcept" */ = {
			isa = XCConfigurationList;
			buildConfigurations = (
				8480BDED25458E7600F1D31D /* Debug */,
				8480BDEE25458E7600F1D31D /* Release */,
			);
			defaultConfigurationIsVisible = 0;
			defaultConfigurationName = Release;
		};
/* End XCConfigurationList section */
	};
	rootObject = 8480BDD525458E7300F1D31D /* Project object */;
}
